
Microsoft Visual Studio Solution File, Format Version 12.00
# Visual Studio Version 16
VisualStudioVersion = 16.0.30011.22
MinimumVisualStudioVersion = 10.0.40219.1
Project("{FAE04EC0-301F-11D3-BF4B-00C04F79EFBC}") = "BibliTech.FileCleaner", "BibliTech.FileCleaner\BibliTech.FileCleaner.csproj", "{D6D68257-26AD-4DDE-B11A-D4C419305443}"
EndProject
Global
	GlobalSection(SolutionConfigurationPlatforms) = preSolution
		Debug|Any CPU = Debug|Any CPU
		Release|Any CPU = Release|Any CPU
	EndGlobalSection
	GlobalSection(ProjectConfigurationPlatforms) = postSolution
		{D6D68257-26AD-4DDE-B11A-D4C419305443}.Debug|Any CPU.ActiveCfg = Debug|Any CPU
		{D6D68257-26AD-4DDE-B11A-D4C419305443}.Debug|Any CPU.Build.0 = Debug|Any CPU
		{D6D68257-26AD-4DDE-B11A-D4C419305443}.Release|Any CPU.ActiveCfg = Release|Any CPU
		{D6D68257-26AD-4DDE-B11A-D4C419305443}.Release|Any CPU.Build.0 = Release|Any CPU
	EndGlobalSection
	GlobalSection(SolutionProperties) = preSolution
		HideSolutionNode = FALSE
	EndGlobalSection
	GlobalSection(ExtensibilityGlobals) = postSolution
		SolutionGuid = {875D2167-AB9B-4F79-8912-669271732753}
	EndGlobalSection
EndGlobal
