
Microsoft Visual Studio Solution File, Format Version 12.00
# Visual Studio Version 16
VisualStudioVersion = 16.0.30011.22
MinimumVisualStudioVersion = 10.0.40219.1
Project("{FAE04EC0-301F-11D3-BF4B-00C04F79EFBC}") = "BibliTech.FileCleaner.Core", "BibliTech.FileCleaner.Core\BibliTech.FileCleaner.Core.csproj", "{5BF1F80A-F835-4389-AD2F-20947A3B7E73}"
EndProject
Project("{FAE04EC0-301F-11D3-BF4B-00C04F79EFBC}") = "BibliTech.FileCleaner.Service", "BibliTech.FileCleaner.Service\BibliTech.FileCleaner.Service.csproj", "{F0AD0BDB-0E42-41B7-81D8-C8C39FCDA190}"
EndProject
Project("{FAE04EC0-301F-11D3-BF4B-00C04F79EFBC}") = "BibliTech.FileCleaner.Test", "BibliTech.FileCleaner.Test\BibliTech.FileCleaner.Test.csproj", "{CD689949-D971-4819-B3AF-726D392A4947}"
EndProject
Global
	GlobalSection(SolutionConfigurationPlatforms) = preSolution
		Debug|Any CPU = Debug|Any CPU
		Release|Any CPU = Release|Any CPU
	EndGlobalSection
	GlobalSection(ProjectConfigurationPlatforms) = postSolution
		{5BF1F80A-F835-4389-AD2F-20947A3B7E73}.Debug|Any CPU.ActiveCfg = Debug|Any CPU
		{5BF1F80A-F835-4389-AD2F-20947A3B7E73}.Debug|Any CPU.Build.0 = Debug|Any CPU
		{5BF1F80A-F835-4389-AD2F-20947A3B7E73}.Release|Any CPU.ActiveCfg = Release|Any CPU
		{5BF1F80A-F835-4389-AD2F-20947A3B7E73}.Release|Any CPU.Build.0 = Release|Any CPU
		{F0AD0BDB-0E42-41B7-81D8-C8C39FCDA190}.Debug|Any CPU.ActiveCfg = Debug|Any CPU
		{F0AD0BDB-0E42-41B7-81D8-C8C39FCDA190}.Debug|Any CPU.Build.0 = Debug|Any CPU
		{F0AD0BDB-0E42-41B7-81D8-C8C39FCDA190}.Release|Any CPU.ActiveCfg = Release|Any CPU
		{F0AD0BDB-0E42-41B7-81D8-C8C39FCDA190}.Release|Any CPU.Build.0 = Release|Any CPU
		{CD689949-D971-4819-B3AF-726D392A4947}.Debug|Any CPU.ActiveCfg = Debug|Any CPU
		{CD689949-D971-4819-B3AF-726D392A4947}.Debug|Any CPU.Build.0 = Debug|Any CPU
		{CD689949-D971-4819-B3AF-726D392A4947}.Release|Any CPU.ActiveCfg = Release|Any CPU
		{CD689949-D971-4819-B3AF-726D392A4947}.Release|Any CPU.Build.0 = Release|Any CPU
	EndGlobalSection
	GlobalSection(SolutionProperties) = preSolution
		HideSolutionNode = FALSE
	EndGlobalSection
	GlobalSection(ExtensibilityGlobals) = postSolution
		SolutionGuid = {875D2167-AB9B-4F79-8912-669271732753}
	EndGlobalSection
EndGlobal
